// !$*UTF8*$!
{
	archiveVersion = 1;
	classes = {
	};
	objectVersion = 50;
	objects = {

/* Begin PBXBuildFile section */
		BAEFBCD825BA8B7400E1C5AA /* AppDelegate.swift in Sources */ = {isa = PBXBuildFile; fileRef = BAEFBCD725BA8B7400E1C5AA /* AppDelegate.swift */; };
		BAEFBCDA25BA8B7400E1C5AA /* SceneDelegate.swift in Sources */ = {isa = PBXBuildFile; fileRef = BAEFBCD925BA8B7400E1C5AA /* SceneDelegate.swift */; };
		BAEFBCDC25BA8B7400E1C5AA /* ViewController.swift in Sources */ = {isa = PBXBuildFile; fileRef = BAEFBCDB25BA8B7400E1C5AA /* ViewController.swift */; };
		BAEFBCDF25BA8B7400E1C5AA /* Main.storyboard in Resources */ = {isa = PBXBuildFile; fileRef = BAEFBCDD25BA8B7400E1C5AA /* Main.storyboard */; };
		BAEFBCE125BA8B7400E1C5AA /* Assets.xcassets in Resources */ = {isa = PBXBuildFile; fileRef = BAEFBCE025BA8B7400E1C5AA /* Assets.xcassets */; };
		BAEFBCE425BA8B7400E1C5AA /* LaunchScreen.storyboard in Resources */ = {isa = PBXBuildFile; fileRef = BAEFBCE225BA8B7400E1C5AA /* LaunchScreen.storyboard */; };
		BAEFBCF325BA953300E1C5AA /* NextViewController.swift in Sources */ = {isa = PBXBuildFile; fileRef = BAEFBCF225BA953300E1C5AA /* NextViewController.swift */; };
/* End PBXBuildFile section */

/* Begin PBXFileReference section */
		BAEFBCD425BA8B7400E1C5AA /* Github1.app */ = {isa = PBXFileReference; explicitFileType = wrapper.application; includeInIndex = 0; path = Github1.app; sourceTree = BUILT_PRODUCTS_DIR; };
		BAEFBCD725BA8B7400E1C5AA /* AppDelegate.swift */ = {isa = PBXFileReference; lastKnownFileType = sourcecode.swift; path = AppDelegate.swift; sourceTree = "<group>"; };
		BAEFBCD925BA8B7400E1C5AA /* SceneDelegate.swift */ = {isa = PBXFileReference; lastKnownFileType = sourcecode.swift; path = SceneDelegate.swift; sourceTree = "<group>"; };
		BAEFBCDB25BA8B7400E1C5AA /* ViewController.swift */ = {isa = PBXFileReference; lastKnownFileType = sourcecode.swift; path = ViewController.swift; sourceTree = "<group>"; };
		BAEFBCDE25BA8B7400E1C5AA /* Base */ = {isa = PBXFileReference; lastKnownFileType = file.storyboard; name = Base; path = Base.lproj/Main.storyboard; sourceTree = "<group>"; };
		BAEFBCE025BA8B7400E1C5AA /* Assets.xcassets */ = {isa = PBXFileReference; lastKnownFileType = folder.assetcatalog; path = Assets.xcassets; sourceTree = "<group>"; };
		BAEFBCE325BA8B7400E1C5AA /* Base */ = {isa = PBXFileReference; lastKnownFileType = file.storyboard; name = Base; path = Base.lproj/LaunchScreen.storyboard; sourceTree = "<group>"; };
		BAEFBCE525BA8B7400E1C5AA /* Info.plist */ = {isa = PBXFileReference; lastKnownFileType = text.plist.xml; path = Info.plist; sourceTree = "<group>"; };
		BAEFBCF225BA953300E1C5AA /* NextViewController.swift */ = {isa = PBXFileReference; lastKnownFileType = sourcecode.swift; path = NextViewController.swift; sourceTree = "<group>"; };
/* End PBXFileReference section */

/* Begin PBXFrameworksBuildPhase section */
		BAEFBCD125BA8B7400E1C5AA /* Frameworks */ = {
			isa = PBXFrameworksBuildPhase;
			buildActionMask = 2147483647;
			files = (
			);
			runOnlyForDeploymentPostprocessing = 0;
		};
/* End PBXFrameworksBuildPhase section */

/* Begin PBXGroup section */
		BAEFBCCB25BA8B7400E1C5AA = {
			isa = PBXGroup;
			children = (
				BAEFBCD625BA8B7400E1C5AA /* Github1 */,
				BAEFBCD525BA8B7400E1C5AA /* Products */,
			);
			sourceTree = "<group>";
		};
		BAEFBCD525BA8B7400E1C5AA /* Products */ = {
			isa = PBXGroup;
			children = (
				BAEFBCD425BA8B7400E1C5AA /* Github1.app */,
			);
			name = Products;
			sourceTree = "<group>";
		};
		BAEFBCD625BA8B7400E1C5AA /* Github1 */ = {
			isa = PBXGroup;
			children = (
				BAEFBCF025BA8BB200E1C5AA /* Model */,
				BAEFBCEF25BA8BAB00E1C5AA /* View */,
				BAEFBCED25BA8B9D00E1C5AA /* Controller */,
				BAEFBCE525BA8B7400E1C5AA /* Info.plist */,
			);
			path = Github1;
			sourceTree = "<group>";
		};
		BAEFBCED25BA8B9D00E1C5AA /* Controller */ = {
			isa = PBXGroup;
			children = (
				BAEFBCDB25BA8B7400E1C5AA /* ViewController.swift */,
				BAEFBCD725BA8B7400E1C5AA /* AppDelegate.swift */,
				BAEFBCD925BA8B7400E1C5AA /* SceneDelegate.swift */,
				BAEFBCF225BA953300E1C5AA /* NextViewController.swift */,
			);
			path = Controller;
			sourceTree = "<group>";
		};
		BAEFBCEF25BA8BAB00E1C5AA /* View */ = {
			isa = PBXGroup;
			children = (
				BAEFBCE025BA8B7400E1C5AA /* Assets.xcassets */,
				BAEFBCE225BA8B7400E1C5AA /* LaunchScreen.storyboard */,
				BAEFBCDD25BA8B7400E1C5AA /* Main.storyboard */,
			);
			path = View;
			sourceTree = "<group>";
		};
		BAEFBCF025BA8BB200E1C5AA /* Model */ = {
			isa = PBXGroup;
			children = (
			);
			path = Model;
			sourceTree = "<group>";
		};
/* End PBXGroup section */

/* Begin PBXNativeTarget section */
		BAEFBCD325BA8B7400E1C5AA /* Github1 */ = {
			isa = PBXNativeTarget;
			buildConfigurationList = BAEFBCE825BA8B7400E1C5AA /* Build configuration list for PBXNativeTarget "Github1" */;
			buildPhases = (
				BAEFBCD025BA8B7400E1C5AA /* Sources */,
				BAEFBCD125BA8B7400E1C5AA /* Frameworks */,
				BAEFBCD225BA8B7400E1C5AA /* Resources */,
			);
			buildRules = (
			);
			dependencies = (
			);
			name = Github1;
			productName = Github1;
			productReference = BAEFBCD425BA8B7400E1C5AA /* Github1.app */;
			productType = "com.apple.product-type.application";
		};
/* End PBXNativeTarget section */

/* Begin PBXProject section */
		BAEFBCCC25BA8B7400E1C5AA /* Project object */ = {
			isa = PBXProject;
			attributes = {
				LastSwiftUpdateCheck = 1230;
				LastUpgradeCheck = 1230;
				TargetAttributes = {
					BAEFBCD325BA8B7400E1C5AA = {
						CreatedOnToolsVersion = 12.3;
					};
				};
			};
			buildConfigurationList = BAEFBCCF25BA8B7400E1C5AA /* Build configuration list for PBXProject "Github1" */;
			compatibilityVersion = "Xcode 9.3";
			developmentRegion = en;
			hasScannedForEncodings = 0;
			knownRegions = (
				en,
				Base,
			);
			mainGroup = BAEFBCCB25BA8B7400E1C5AA;
			productRefGroup = BAEFBCD525BA8B7400E1C5AA /* Products */;
			projectDirPath = "";
			projectRoot = "";
			targets = (
				BAEFBCD325BA8B7400E1C5AA /* Github1 */,
			);
		};
/* End PBXProject section */

/* Begin PBXResourcesBuildPhase section */
		BAEFBCD225BA8B7400E1C5AA /* Resources */ = {
			isa = PBXResourcesBuildPhase;
			buildActionMask = 2147483647;
			files = (
				BAEFBCE425BA8B7400E1C5AA /* LaunchScreen.storyboard in Resources */,
				BAEFBCE125BA8B7400E1C5AA /* Assets.xcassets in Resources */,
				BAEFBCDF25BA8B7400E1C5AA /* Main.storyboard in Resources */,
			);
			runOnlyForDeploymentPostprocessing = 0;
		};
/* End PBXResourcesBuildPhase section */

/* Begin PBXSourcesBuildPhase section */
		BAEFBCD025BA8B7400E1C5AA /* Sources */ = {
			isa = PBXSourcesBuildPhase;
			buildActionMask = 2147483647;
			files = (
				BAEFBCDC25BA8B7400E1C5AA /* ViewController.swift in Sources */,
				BAEFBCF325BA953300E1C5AA /* NextViewController.swift in Sources */,
				BAEFBCD825BA8B7400E1C5AA /* AppDelegate.swift in Sources */,
				BAEFBCDA25BA8B7400E1C5AA /* SceneDelegate.swift in Sources */,
			);
			runOnlyForDeploymentPostprocessing = 0;
		};
/* End PBXSourcesBuildPhase section */

/* Begin PBXVariantGroup section */
		BAEFBCDD25BA8B7400E1C5AA /* Main.storyboard */ = {
			isa = PBXVariantGroup;
			children = (
				BAEFBCDE25BA8B7400E1C5AA /* Base */,
			);
			name = Main.storyboard;
			sourceTree = "<group>";
		};
		BAEFBCE225BA8B7400E1C5AA /* LaunchScreen.storyboard */ = {
			isa = PBXVariantGroup;
			children = (
				BAEFBCE325BA8B7400E1C5AA /* Base */,
			);
			name = LaunchScreen.storyboard;
			sourceTree = "<group>";
		};
/* End PBXVariantGroup section */

/* Begin XCBuildConfiguration section */
		BAEFBCE625BA8B7400E1C5AA /* Debug */ = {
			isa = XCBuildConfiguration;
			buildSettings = {
				ALWAYS_SEARCH_USER_PATHS = NO;
				CLANG_ANALYZER_NONNULL = YES;
				CLANG_ANALYZER_NUMBER_OBJECT_CONVERSION = YES_AGGRESSIVE;
				CLANG_CXX_LANGUAGE_STANDARD = "gnu++14";
				CLANG_CXX_LIBRARY = "libc++";
				CLANG_ENABLE_MODULES = YES;
				CLANG_ENABLE_OBJC_ARC = YES;
				CLANG_ENABLE_OBJC_WEAK = YES;
				CLANG_WARN_BLOCK_CAPTURE_AUTORELEASING = YES;
				CLANG_WARN_BOOL_CONVERSION = YES;
				CLANG_WARN_COMMA = YES;
				CLANG_WARN_CONSTANT_CONVERSION = YES;
				CLANG_WARN_DEPRECATED_OBJC_IMPLEMENTATIONS = YES;
				CLANG_WARN_DIRECT_OBJC_ISA_USAGE = YES_ERROR;
				CLANG_WARN_DOCUMENTATION_COMMENTS = YES;
				CLANG_WARN_EMPTY_BODY = YES;
				CLANG_WARN_ENUM_CONVERSION = YES;
				CLANG_WARN_INFINITE_RECURSION = YES;
				CLANG_WARN_INT_CONVERSION = YES;
				CLANG_WARN_NON_LITERAL_NULL_CONVERSION = YES;
				CLANG_WARN_OBJC_IMPLICIT_RETAIN_SELF = YES;
				CLANG_WARN_OBJC_LITERAL_CONVERSION = YES;
				CLANG_WARN_OBJC_ROOT_CLASS = YES_ERROR;
				CLANG_WARN_QUOTED_INCLUDE_IN_FRAMEWORK_HEADER = YES;
				CLANG_WARN_RANGE_LOOP_ANALYSIS = YES;
				CLANG_WARN_STRICT_PROTOTYPES = YES;
				CLANG_WARN_SUSPICIOUS_MOVE = YES;
				CLANG_WARN_UNGUARDED_AVAILABILITY = YES_AGGRESSIVE;
				CLANG_WARN_UNREACHABLE_CODE = YES;
				CLANG_WARN__DUPLICATE_METHOD_MATCH = YES;
				COPY_PHASE_STRIP = NO;
				DEBUG_INFORMATION_FORMAT = dwarf;
				ENABLE_STRICT_OBJC_MSGSEND = YES;
				ENABLE_TESTABILITY = YES;
				GCC_C_LANGUAGE_STANDARD = gnu11;
				GCC_DYNAMIC_NO_PIC = NO;
				GCC_NO_COMMON_BLOCKS = YES;
				GCC_OPTIMIZATION_LEVEL = 0;
				GCC_PREPROCESSOR_DEFINITIONS = (
					"DEBUG=1",
					"$(inherited)",
				);
				GCC_WARN_64_TO_32_BIT_CONVERSION = YES;
				GCC_WARN_ABOUT_RETURN_TYPE = YES_ERROR;
				GCC_WARN_UNDECLARED_SELECTOR = YES;
				GCC_WARN_UNINITIALIZED_AUTOS = YES_AGGRESSIVE;
				GCC_WARN_UNUSED_FUNCTION = YES;
				GCC_WARN_UNUSED_VARIABLE = YES;
				IPHONEOS_DEPLOYMENT_TARGET = 14.3;
				MTL_ENABLE_DEBUG_INFO = INCLUDE_SOURCE;
				MTL_FAST_MATH = YES;
				ONLY_ACTIVE_ARCH = YES;
				SDKROOT = iphoneos;
				SWIFT_ACTIVE_COMPILATION_CONDITIONS = DEBUG;
				SWIFT_OPTIMIZATION_LEVEL = "-Onone";
			};
			name = Debug;
		};
		BAEFBCE725BA8B7400E1C5AA /* Release */ = {
			isa = XCBuildConfiguration;
			buildSettings = {
				ALWAYS_SEARCH_USER_PATHS = NO;
				CLANG_ANALYZER_NONNULL = YES;
				CLANG_ANALYZER_NUMBER_OBJECT_CONVERSION = YES_AGGRESSIVE;
				CLANG_CXX_LANGUAGE_STANDARD = "gnu++14";
				CLANG_CXX_LIBRARY = "libc++";
				CLANG_ENABLE_MODULES = YES;
				CLANG_ENABLE_OBJC_ARC = YES;
				CLANG_ENABLE_OBJC_WEAK = YES;
				CLANG_WARN_BLOCK_CAPTURE_AUTORELEASING = YES;
				CLANG_WARN_BOOL_CONVERSION = YES;
				CLANG_WARN_COMMA = YES;
				CLANG_WARN_CONSTANT_CONVERSION = YES;
				CLANG_WARN_DEPRECATED_OBJC_IMPLEMENTATIONS = YES;
				CLANG_WARN_DIRECT_OBJC_ISA_USAGE = YES_ERROR;
				CLANG_WARN_DOCUMENTATION_COMMENTS = YES;
				CLANG_WARN_EMPTY_BODY = YES;
				CLANG_WARN_ENUM_CONVERSION = YES;
				CLANG_WARN_INFINITE_RECURSION = YES;
				CLANG_WARN_INT_CONVERSION = YES;
				CLANG_WARN_NON_LITERAL_NULL_CONVERSION = YES;
				CLANG_WARN_OBJC_IMPLICIT_RETAIN_SELF = YES;
				CLANG_WARN_OBJC_LITERAL_CONVERSION = YES;
				CLANG_WARN_OBJC_ROOT_CLASS = YES_ERROR;
				CLANG_WARN_QUOTED_INCLUDE_IN_FRAMEWORK_HEADER = YES;
				CLANG_WARN_RANGE_LOOP_ANALYSIS = YES;
				CLANG_WARN_STRICT_PROTOTYPES = YES;
				CLANG_WARN_SUSPICIOUS_MOVE = YES;
				CLANG_WARN_UNGUARDED_AVAILABILITY = YES_AGGRESSIVE;
				CLANG_WARN_UNREACHABLE_CODE = YES;
				CLANG_WARN__DUPLICATE_METHOD_MATCH = YES;
				COPY_PHASE_STRIP = NO;
				DEBUG_INFORMATION_FORMAT = "dwarf-with-dsym";
				ENABLE_NS_ASSERTIONS = NO;
				ENABLE_STRICT_OBJC_MSGSEND = YES;
				GCC_C_LANGUAGE_STANDARD = gnu11;
				GCC_NO_COMMON_BLOCKS = YES;
				GCC_WARN_64_TO_32_BIT_CONVERSION = YES;
				GCC_WARN_ABOUT_RETURN_TYPE = YES_ERROR;
				GCC_WARN_UNDECLARED_SELECTOR = YES;
				GCC_WARN_UNINITIALIZED_AUTOS = YES_AGGRESSIVE;
				GCC_WARN_UNUSED_FUNCTION = YES;
				GCC_WARN_UNUSED_VARIABLE = YES;
				IPHONEOS_DEPLOYMENT_TARGET = 14.3;
				MTL_ENABLE_DEBUG_INFO = NO;
				MTL_FAST_MATH = YES;
				SDKROOT = iphoneos;
				SWIFT_COMPILATION_MODE = wholemodule;
				SWIFT_OPTIMIZATION_LEVEL = "-O";
				VALIDATE_PRODUCT = YES;
			};
			name = Release;
		};
		BAEFBCE925BA8B7400E1C5AA /* Debug */ = {
			isa = XCBuildConfiguration;
			buildSettings = {
				ASSETCATALOG_COMPILER_APPICON_NAME = AppIcon;
				ASSETCATALOG_COMPILER_GLOBAL_ACCENT_COLOR_NAME = AccentColor;
				CODE_SIGN_STYLE = Automatic;
				DEVELOPMENT_TEAM = 5G2DRD83LB;
				INFOPLIST_FILE = Github1/Info.plist;
				LD_RUNPATH_SEARCH_PATHS = (
					"$(inherited)",
					"@executable_path/Frameworks",
				);
				PRODUCT_BUNDLE_IDENTIFIER = com.tora.Github1;
				PRODUCT_NAME = "$(TARGET_NAME)";
				SWIFT_VERSION = 5.0;
				TARGETED_DEVICE_FAMILY = 1;
			};
			name = Debug;
		};
		BAEFBCEA25BA8B7400E1C5AA /* Release */ = {
			isa = XCBuildConfiguration;
			buildSettings = {
				ASSETCATALOG_COMPILER_APPICON_NAME = AppIcon;
				ASSETCATALOG_COMPILER_GLOBAL_ACCENT_COLOR_NAME = AccentColor;
				CODE_SIGN_STYLE = Automatic;
				DEVELOPMENT_TEAM = 5G2DRD83LB;
				INFOPLIST_FILE = Github1/Info.plist;
				LD_RUNPATH_SEARCH_PATHS = (
					"$(inherited)",
					"@executable_path/Frameworks",
				);
				PRODUCT_BUNDLE_IDENTIFIER = com.tora.Github1;
				PRODUCT_NAME = "$(TARGET_NAME)";
				SWIFT_VERSION = 5.0;
				TARGETED_DEVICE_FAMILY = 1;
			};
			name = Release;
		};
/* End XCBuildConfiguration section */

/* Begin XCConfigurationList section */
		BAEFBCCF25BA8B7400E1C5AA /* Build configuration list for PBXProject "Github1" */ = {
			isa = XCConfigurationList;
			buildConfigurations = (
				BAEFBCE625BA8B7400E1C5AA /* Debug */,
				BAEFBCE725BA8B7400E1C5AA /* Release */,
			);
			defaultConfigurationIsVisible = 0;
			defaultConfigurationName = Release;
		};
		BAEFBCE825BA8B7400E1C5AA /* Build configuration list for PBXNativeTarget "Github1" */ = {
			isa = XCConfigurationList;
			buildConfigurations = (
				BAEFBCE925BA8B7400E1C5AA /* Debug */,
				BAEFBCEA25BA8B7400E1C5AA /* Release */,
			);
			defaultConfigurationIsVisible = 0;
			defaultConfigurationName = Release;
		};
/* End XCConfigurationList section */
	};
	rootObject = BAEFBCCC25BA8B7400E1C5AA /* Project object */;
}
